<?xml version="1.0" encoding="utf-8"?>
<Project ToolsVersion="4.0" xmlns="http://schemas.microsoft.com/developer/msbuild/2003">
  <ItemGroup>
    <Filter Include="Source Files">
      <UniqueIdentifier>{4FC737F1-C7A5-4376-A066-2A32D752A2FF}</UniqueIdentifier>
      <Extensions>cpp;c;cc;cxx;c++;cppm;ixx;def;odl;idl;hpj;bat;asm;asmx</Extensions>
    </Filter>
    <Filter Include="Header Files">
      <UniqueIdentifier>{93995380-89BD-4b04-88EB-625FBE52EBFB}</UniqueIdentifier>
      <Extensions>h;hh;hpp;hxx;h++;hm;inl;inc;ipp;xsd</Extensions>
    </Filter>
    <Filter Include="Resource Files">
      <UniqueIdentifier>{67DA6AB6-F800-4c08-8B7A-83BB121AAD01}</UniqueIdentifier>
      <Extensions>rc;ico;cur;bmp;dlg;rc2;rct;bin;rgs;gif;jpg;jpeg;jpe;resx;tiff;tif;png;wav;mfcribbon-ms</Extensions>
    </Filter>
    <Filter Include="Shaders">
      <UniqueIdentifier>{f1709a8c-cd4f-4282-a006-1809a935494f}</UniqueIdentifier>
    </Filter>
    <Filter Include="Imgui">
      <UniqueIdentifier>{c0e6de9a-dd70-43df-acae-27e71991dd88}</UniqueIdentifier>
    </Filter>
    <Filter Include="Shaders\Fullscreen">
      <UniqueIdentifier>{3d8dfe1e-2674-416e-a7f4-7c14ae205eda}</UniqueIdentifier>
    </Filter>
    <Filter Include="Shaders\DeferrredShaders">
      <UniqueIdentifier>{d21ffd3d-84eb-4101-b2a0-68461ea55943}</UniqueIdentifier>
    </Filter>
  </ItemGroup>
  <ItemGroup>
    <ResourceCompile Include="Engine.rc">
      <Filter>Resource Files</Filter>
    </ResourceCompile>
  </ItemGroup>
  <ItemGroup>
    <Image Include="small.ico">
      <Filter>Resource Files</Filter>
    </Image>
    <Image Include="Engine.ico">
      <Filter>Resource Files</Filter>
    </Image>
  </ItemGroup>
  <ItemGroup>
    <FxCompile Include="PixelShader.hlsl">
      <Filter>Shaders</Filter>
    </FxCompile>
    <FxCompile Include="VertexShader.hlsl">
      <Filter>Shaders</Filter>
    </FxCompile>
    <FxCompile Include="CubeVertexShader.hlsl">
      <Filter>Shaders</Filter>
    </FxCompile>
    <FxCompile Include="CubePixelShader.hlsl">
      <Filter>Shaders</Filter>
    </FxCompile>
    <FxCompile Include="FullscreenPS-Copy.hlsl">
      <Filter>Shaders\Fullscreen</Filter>
    </FxCompile>
    <FxCompile Include="FullscreenVS.hlsl">
      <Filter>Shaders\Fullscreen</Filter>
    </FxCompile>
    <FxCompile Include="FullscreenPS-Luminance.hlsl">
      <Filter>Shaders\Fullscreen</Filter>
    </FxCompile>
    <FxCompile Include="FullscreenPS-GaussianV.hlsl">
      <Filter>Shaders\Fullscreen</Filter>
    </FxCompile>
    <FxCompile Include="FullscreenPS-GaussianH.hlsl">
      <Filter>Shaders\Fullscreen</Filter>
    </FxCompile>
    <FxCompile Include="FullscreenPS-Bloom.hlsl">
      <Filter>Shaders\Fullscreen</Filter>
    </FxCompile>
    <FxCompile Include="EnvironmentLightShader.hlsl">
      <Filter>Shaders\DeferrredShaders</Filter>
    </FxCompile>
    <FxCompile Include="GBuffer.hlsl">
      <Filter>Shaders\DeferrredShaders</Filter>
    </FxCompile>
  </ItemGroup>
  <ItemGroup>
    <None Include="ShaderStructs.hlsli">
      <Filter>Shaders</Filter>
    </None>
    <None Include="CubeShaderStructs.hlsli">
      <Filter>Shaders</Filter>
    </None>
    <None Include="FullscreenStructs.hlsli">
      <Filter>Shaders\Fullscreen</Filter>
    </None>
    <None Include="DeferredStructs.hlsli">
      <Filter>Shaders\DeferrredShaders</Filter>
    </None>
    <None Include="PBRFunctions.hlsli">
      <Filter>Shaders</Filter>
    </None>
  </ItemGroup>
  <ItemGroup>
    <ClCompile Include="Camera.cpp">
      <Filter>Source Files</Filter>
    </ClCompile>
    <ClCompile Include="CameraFactory.cpp">
      <Filter>Source Files</Filter>
    </ClCompile>
    <ClCompile Include="DirectX11Framework.cpp">
      <Filter>Source Files</Filter>
    </ClCompile>
    <ClCompile Include="Engine.cpp">
      <Filter>Source Files</Filter>
    </ClCompile>
    <ClCompile Include="EnvironmentLight.cpp">
      <Filter>Source Files</Filter>
    </ClCompile>
    <ClCompile Include="ErrorManager.cpp">
      <Filter>Source Files</Filter>
    </ClCompile>
    <ClCompile Include="ForwardRenderer.cpp">
      <Filter>Source Files</Filter>
    </ClCompile>
    <ClCompile Include="GameObject.cpp">
      <Filter>Source Files</Filter>
    </ClCompile>
    <ClCompile Include="GraphicsEngine.cpp">
      <Filter>Source Files</Filter>
    </ClCompile>
    <ClCompile Include="JsonParser.cpp">
      <Filter>Source Files</Filter>
    </ClCompile>
    <ClCompile Include="Light.cpp">
      <Filter>Source Files</Filter>
    </ClCompile>
    <ClCompile Include="LightFactory.cpp">
      <Filter>Source Files</Filter>
    </ClCompile>
    <ClCompile Include="Model.cpp">
      <Filter>Source Files</Filter>
    </ClCompile>
    <ClCompile Include="ModelFactory.cpp">
      <Filter>Source Files</Filter>
    </ClCompile>
    <ClCompile Include="ModelHandler.cpp">
      <Filter>Source Files</Filter>
    </ClCompile>
    <ClCompile Include="ModelInstance.cpp">
      <Filter>Source Files</Filter>
    </ClCompile>
    <ClCompile Include="PointLight.cpp">
      <Filter>Source Files</Filter>
    </ClCompile>
    <ClCompile Include="Scene.cpp">
      <Filter>Source Files</Filter>
    </ClCompile>
    <ClCompile Include="SpotLight.cpp">
      <Filter>Source Files</Filter>
    </ClCompile>
    <ClCompile Include="pch.cpp">
      <Filter>Source Files</Filter>
    </ClCompile>
    <ClCompile Include="WindowHandler.cpp">
      <Filter>Source Files</Filter>
    </ClCompile>
    <ClCompile Include="imgui-docking\imgui.cpp">
      <Filter>Imgui</Filter>
    </ClCompile>
    <ClCompile Include="imgui-docking\imgui_demo.cpp">
      <Filter>Imgui</Filter>
    </ClCompile>
    <ClCompile Include="imgui-docking\imgui_draw.cpp">
      <Filter>Imgui</Filter>
    </ClCompile>
    <ClCompile Include="imgui-docking\imgui_impl_dx11.cpp">
      <Filter>Imgui</Filter>
    </ClCompile>
    <ClCompile Include="imgui-docking\imgui_impl_win32.cpp">
      <Filter>Imgui</Filter>
    </ClCompile>
    <ClCompile Include="imgui-docking\imgui_tables.cpp">
      <Filter>Imgui</Filter>
    </ClCompile>
    <ClCompile Include="imgui-docking\imgui_widgets.cpp">
      <Filter>Imgui</Filter>
    </ClCompile>
    <ClCompile Include="CreateParameters.cpp">
      <Filter>Source Files</Filter>
    </ClCompile>
    <ClCompile Include="Material.cpp">
      <Filter>Source Files</Filter>
    </ClCompile>
    <ClCompile Include="Mesh.cpp">
      <Filter>Source Files</Filter>
    </ClCompile>
    <ClCompile Include="RenderManager.cpp">
      <Filter>Source Files</Filter>
    </ClCompile>
    <ClCompile Include="FullscreenTexture.cpp">
      <Filter>Source Files</Filter>
    </ClCompile>
    <ClCompile Include="FullscreenTextureFactory.cpp">
      <Filter>Source Files</Filter>
    </ClCompile>
    <ClCompile Include="FullscreenRenderer.cpp">
      <Filter>Source Files</Filter>
    </ClCompile>
    <ClCompile Include="DeferredRendering.cpp">
      <Filter>Source Files</Filter>
    </ClCompile>
    <ClCompile Include="GBuffer.cpp">
      <Filter>Source Files</Filter>
    </ClCompile>
  </ItemGroup>
  <ItemGroup>
    <ClInclude Include="Camera.h">
      <Filter>Header Files</Filter>
    </ClInclude>
    <ClInclude Include="CameraFactory.h">
      <Filter>Header Files</Filter>
    </ClInclude>
    <ClInclude Include="DirectX11Framework.h">
      <Filter>Header Files</Filter>
    </ClInclude>
    <ClInclude Include="Engine.h">
      <Filter>Header Files</Filter>
    </ClInclude>
    <ClInclude Include="EnvironmentLight.h">
      <Filter>Header Files</Filter>
    </ClInclude>
    <ClInclude Include="ErrorManager.h">
      <Filter>Header Files</Filter>
    </ClInclude>
    <ClInclude Include="ForwardRenderer.h">
      <Filter>Header Files</Filter>
    </ClInclude>
    <ClInclude Include="framework.h">
      <Filter>Header Files</Filter>
    </ClInclude>
    <ClInclude Include="GameObject.h">
      <Filter>Header Files</Filter>
    </ClInclude>
    <ClInclude Include="GraphicsEngine.h">
      <Filter>Header Files</Filter>
    </ClInclude>
    <ClInclude Include="JsonParser.h">
      <Filter>Header Files</Filter>
    </ClInclude>
    <ClInclude Include="Light.h">
      <Filter>Header Files</Filter>
    </ClInclude>
    <ClInclude Include="LightFactory.h">
      <Filter>Header Files</Filter>
    </ClInclude>
    <ClInclude Include="Model.h">
      <Filter>Header Files</Filter>
    </ClInclude>
    <ClInclude Include="ModelFactory.h">
      <Filter>Header Files</Filter>
    </ClInclude>
    <ClInclude Include="ModelHandler.h">
      <Filter>Header Files</Filter>
    </ClInclude>
    <ClInclude Include="ModelInstance.h">
      <Filter>Header Files</Filter>
    </ClInclude>
    <ClInclude Include="PointLight.h">
      <Filter>Header Files</Filter>
    </ClInclude>
    <ClInclude Include="Resource.h">
      <Filter>Header Files</Filter>
    </ClInclude>
    <ClInclude Include="Scene.h">
      <Filter>Header Files</Filter>
    </ClInclude>
    <ClInclude Include="SpotLight.h">
      <Filter>Header Files</Filter>
    </ClInclude>
    <ClInclude Include="pch.h">
      <Filter>Header Files</Filter>
    </ClInclude>
    <ClInclude Include="targetver.h">
      <Filter>Header Files</Filter>
    </ClInclude>
    <ClInclude Include="WindowHandler.h">
      <Filter>Header Files</Filter>
    </ClInclude>
    <ClInclude Include="imgui-docking\imconfig.h">
      <Filter>Imgui</Filter>
    </ClInclude>
    <ClInclude Include="imgui-docking\imgui.h">
      <Filter>Imgui</Filter>
    </ClInclude>
    <ClInclude Include="imgui-docking\imgui_impl_dx11.h">
      <Filter>Imgui</Filter>
    </ClInclude>
    <ClInclude Include="imgui-docking\imgui_impl_win32.h">
      <Filter>Imgui</Filter>
    </ClInclude>
    <ClInclude Include="imgui-docking\imgui_internal.h">
      <Filter>Imgui</Filter>
    </ClInclude>
    <ClInclude Include="imgui-docking\imstb_rectpack.h">
      <Filter>Imgui</Filter>
    </ClInclude>
    <ClInclude Include="imgui-docking\imstb_textedit.h">
      <Filter>Imgui</Filter>
    </ClInclude>
    <ClInclude Include="imgui-docking\imstb_truetype.h">
      <Filter>Imgui</Filter>
    </ClInclude>
    <ClInclude Include="CreateParameters.h">
      <Filter>Header Files</Filter>
    </ClInclude>
    <ClInclude Include="Material.h">
      <Filter>Header Files</Filter>
    </ClInclude>
    <ClInclude Include="Mesh.h">
      <Filter>Header Files</Filter>
    </ClInclude>
    <ClInclude Include="RenderManager.h">
      <Filter>Header Files</Filter>
    </ClInclude>
    <ClInclude Include="FullscreenTexture.h">
      <Filter>Header Files</Filter>
    </ClInclude>
    <ClInclude Include="FullscreenTextureFactory.h">
      <Filter>Header Files</Filter>
    </ClInclude>
    <ClInclude Include="FullscreenRenderer.h">
      <Filter>Header Files</Filter>
    </ClInclude>
    <ClInclude Include="DeferredRendering.h">
      <Filter>Header Files</Filter>
    </ClInclude>
    <ClInclude Include="GBuffer.h">
      <Filter>Header Files</Filter>
    </ClInclude>
  </ItemGroup>
</Project>